// !$*UTF8*$!
{
	archiveVersion = 1;
	classes = {
	};
	objectVersion = 50;
	objects = {

/* Begin PBXBuildFile section */
		7D12441322CCD85000B1D160 /* AppDelegate.swift in Sources */ = {isa = PBXBuildFile; fileRef = 7D12441222CCD85000B1D160 /* AppDelegate.swift */; };
		7D12441522CCD85000B1D160 /* ViewController.swift in Sources */ = {isa = PBXBuildFile; fileRef = 7D12441422CCD85000B1D160 /* ViewController.swift */; };
		7D12441822CCD85000B1D160 /* Main.storyboard in Resources */ = {isa = PBXBuildFile; fileRef = 7D12441622CCD85000B1D160 /* Main.storyboard */; };
		7D12441A22CCD85100B1D160 /* Assets.xcassets in Resources */ = {isa = PBXBuildFile; fileRef = 7D12441922CCD85100B1D160 /* Assets.xcassets */; };
		7D12441D22CCD85100B1D160 /* LaunchScreen.storyboard in Resources */ = {isa = PBXBuildFile; fileRef = 7D12441B22CCD85100B1D160 /* LaunchScreen.storyboard */; };
		7D12442522CCEE2E00B1D160 /* CoinTableViewCell.swift in Sources */ = {isa = PBXBuildFile; fileRef = 7D12442422CCEE2E00B1D160 /* CoinTableViewCell.swift */; };
		7D12442722CCFA5B00B1D160 /* CoinDetailViewController.swift in Sources */ = {isa = PBXBuildFile; fileRef = 7D12442622CCFA5B00B1D160 /* CoinDetailViewController.swift */; };
		7DB3F73822D1053B00D1F2CA /* UIView Extention.swift in Sources */ = {isa = PBXBuildFile; fileRef = 7DB3F73722D1053B00D1F2CA /* UIView Extention.swift */; };
		7DB3F73A22D1073C00D1F2CA /* Constants.swift in Sources */ = {isa = PBXBuildFile; fileRef = 7DB3F73922D1073C00D1F2CA /* Constants.swift */; };
		A34FAD7212B42C11B520E71A /* Pods_CoinApp.framework in Frameworks */ = {isa = PBXBuildFile; fileRef = 5377D2E6712426D417D114AC /* Pods_CoinApp.framework */; };
/* End PBXBuildFile section */

/* Begin PBXFileReference section */
		304BE569C853AD2C5D35CF62 /* Pods-CoinApp.release.xcconfig */ = {isa = PBXFileReference; includeInIndex = 1; lastKnownFileType = text.xcconfig; name = "Pods-CoinApp.release.xcconfig"; path = "Pods/Target Support Files/Pods-CoinApp/Pods-CoinApp.release.xcconfig"; sourceTree = "<group>"; };
		5377D2E6712426D417D114AC /* Pods_CoinApp.framework */ = {isa = PBXFileReference; explicitFileType = wrapper.framework; includeInIndex = 0; path = Pods_CoinApp.framework; sourceTree = BUILT_PRODUCTS_DIR; };
		5E03332F582A7D890B0273E6 /* Pods-CoinApp.debug.xcconfig */ = {isa = PBXFileReference; includeInIndex = 1; lastKnownFileType = text.xcconfig; name = "Pods-CoinApp.debug.xcconfig"; path = "Pods/Target Support Files/Pods-CoinApp/Pods-CoinApp.debug.xcconfig"; sourceTree = "<group>"; };
		7D12440F22CCD85000B1D160 /* CoinApp.app */ = {isa = PBXFileReference; explicitFileType = wrapper.application; includeInIndex = 0; path = CoinApp.app; sourceTree = BUILT_PRODUCTS_DIR; };
		7D12441222CCD85000B1D160 /* AppDelegate.swift */ = {isa = PBXFileReference; lastKnownFileType = sourcecode.swift; path = AppDelegate.swift; sourceTree = "<group>"; };
		7D12441422CCD85000B1D160 /* ViewController.swift */ = {isa = PBXFileReference; lastKnownFileType = sourcecode.swift; path = ViewController.swift; sourceTree = "<group>"; };
		7D12441722CCD85000B1D160 /* Base */ = {isa = PBXFileReference; lastKnownFileType = file.storyboard; name = Base; path = Base.lproj/Main.storyboard; sourceTree = "<group>"; };
		7D12441922CCD85100B1D160 /* Assets.xcassets */ = {isa = PBXFileReference; lastKnownFileType = folder.assetcatalog; path = Assets.xcassets; sourceTree = "<group>"; };
		7D12441C22CCD85100B1D160 /* Base */ = {isa = PBXFileReference; lastKnownFileType = file.storyboard; name = Base; path = Base.lproj/LaunchScreen.storyboard; sourceTree = "<group>"; };
		7D12441E22CCD85100B1D160 /* Info.plist */ = {isa = PBXFileReference; lastKnownFileType = text.plist.xml; path = Info.plist; sourceTree = "<group>"; };
		7D12442422CCEE2E00B1D160 /* CoinTableViewCell.swift */ = {isa = PBXFileReference; lastKnownFileType = sourcecode.swift; path = CoinTableViewCell.swift; sourceTree = "<group>"; };
		7D12442622CCFA5B00B1D160 /* CoinDetailViewController.swift */ = {isa = PBXFileReference; lastKnownFileType = sourcecode.swift; path = CoinDetailViewController.swift; sourceTree = "<group>"; };
		7DB3F73722D1053B00D1F2CA /* UIView Extention.swift */ = {isa = PBXFileReference; lastKnownFileType = sourcecode.swift; path = "UIView Extention.swift"; sourceTree = "<group>"; };
		7DB3F73922D1073C00D1F2CA /* Constants.swift */ = {isa = PBXFileReference; lastKnownFileType = sourcecode.swift; path = Constants.swift; sourceTree = "<group>"; };
/* End PBXFileReference section */

/* Begin PBXFrameworksBuildPhase section */
		7D12440C22CCD85000B1D160 /* Frameworks */ = {
			isa = PBXFrameworksBuildPhase;
			buildActionMask = 2147483647;
			files = (
				A34FAD7212B42C11B520E71A /* Pods_CoinApp.framework in Frameworks */,
			);
			runOnlyForDeploymentPostprocessing = 0;
		};
/* End PBXFrameworksBuildPhase section */

/* Begin PBXGroup section */
		0BD6B4365B2F51920831D72B /* Frameworks */ = {
			isa = PBXGroup;
			children = (
				5377D2E6712426D417D114AC /* Pods_CoinApp.framework */,
			);
			name = Frameworks;
			sourceTree = "<group>";
		};
		4A24C649408D75B784101F14 /* Pods */ = {
			isa = PBXGroup;
			children = (
				5E03332F582A7D890B0273E6 /* Pods-CoinApp.debug.xcconfig */,
				304BE569C853AD2C5D35CF62 /* Pods-CoinApp.release.xcconfig */,
			);
			name = Pods;
			sourceTree = "<group>";
		};
		7D12440622CCD85000B1D160 = {
			isa = PBXGroup;
			children = (
				7D12441122CCD85000B1D160 /* CoinApp */,
				7D12441022CCD85000B1D160 /* Products */,
				4A24C649408D75B784101F14 /* Pods */,
				0BD6B4365B2F51920831D72B /* Frameworks */,
			);
			sourceTree = "<group>";
		};
		7D12441022CCD85000B1D160 /* Products */ = {
			isa = PBXGroup;
			children = (
				7D12440F22CCD85000B1D160 /* CoinApp.app */,
			);
			name = Products;
			sourceTree = "<group>";
		};
		7D12441122CCD85000B1D160 /* CoinApp */ = {
			isa = PBXGroup;
			children = (
				7D12441222CCD85000B1D160 /* AppDelegate.swift */,
				7D12441422CCD85000B1D160 /* ViewController.swift */,
				7D12441622CCD85000B1D160 /* Main.storyboard */,
				7D12441922CCD85100B1D160 /* Assets.xcassets */,
				7D12441B22CCD85100B1D160 /* LaunchScreen.storyboard */,
				7D12441E22CCD85100B1D160 /* Info.plist */,
				7D12442422CCEE2E00B1D160 /* CoinTableViewCell.swift */,
				7D12442622CCFA5B00B1D160 /* CoinDetailViewController.swift */,
				7DB3F73722D1053B00D1F2CA /* UIView Extention.swift */,
				7DB3F73922D1073C00D1F2CA /* Constants.swift */,
			);
			path = CoinApp;
			sourceTree = "<group>";
		};
/* End PBXGroup section */

/* Begin PBXNativeTarget section */
		7D12440E22CCD85000B1D160 /* CoinApp */ = {
			isa = PBXNativeTarget;
			buildConfigurationList = 7D12442122CCD85100B1D160 /* Build configuration list for PBXNativeTarget "CoinApp" */;
			buildPhases = (
				9A1BA7DF516D3DE8A40E7E80 /* [CP] Check Pods Manifest.lock */,
				7D12440B22CCD85000B1D160 /* Sources */,
				7D12440C22CCD85000B1D160 /* Frameworks */,
				7D12440D22CCD85000B1D160 /* Resources */,
				B6911DCF008FD0032D7D6D7C /* [CP] Embed Pods Frameworks */,
			);
			buildRules = (
			);
			dependencies = (
			);
			name = CoinApp;
			productName = CoinApp;
			productReference = 7D12440F22CCD85000B1D160 /* CoinApp.app */;
			productType = "com.apple.product-type.application";
		};
/* End PBXNativeTarget section */

/* Begin PBXProject section */
		7D12440722CCD85000B1D160 /* Project object */ = {
			isa = PBXProject;
			attributes = {
				LastSwiftUpdateCheck = 1020;
				LastUpgradeCheck = 1020;
				ORGANIZATIONNAME = Xicy;
				TargetAttributes = {
					7D12440E22CCD85000B1D160 = {
						CreatedOnToolsVersion = 10.2.1;
					};
				};
			};
			buildConfigurationList = 7D12440A22CCD85000B1D160 /* Build configuration list for PBXProject "CoinApp" */;
			compatibilityVersion = "Xcode 9.3";
			developmentRegion = en;
			hasScannedForEncodings = 0;
			knownRegions = (
				en,
				Base,
			);
			mainGroup = 7D12440622CCD85000B1D160;
			productRefGroup = 7D12441022CCD85000B1D160 /* Products */;
			projectDirPath = "";
			projectRoot = "";
			targets = (
				7D12440E22CCD85000B1D160 /* CoinApp */,
			);
		};
/* End PBXProject section */

/* Begin PBXResourcesBuildPhase section */
		7D12440D22CCD85000B1D160 /* Resources */ = {
			isa = PBXResourcesBuildPhase;
			buildActionMask = 2147483647;
			files = (
				7D12441D22CCD85100B1D160 /* LaunchScreen.storyboard in Resources */,
				7D12441A22CCD85100B1D160 /* Assets.xcassets in Resources */,
				7D12441822CCD85000B1D160 /* Main.storyboard in Resources */,
			);
			runOnlyForDeploymentPostprocessing = 0;
		};
/* End PBXResourcesBuildPhase section */

/* Begin PBXShellScriptBuildPhase section */
		9A1BA7DF516D3DE8A40E7E80 /* [CP] Check Pods Manifest.lock */ = {
			isa = PBXShellScriptBuildPhase;
			buildActionMask = 2147483647;
			files = (
			);
			inputPaths = (
				"${PODS_PODFILE_DIR_PATH}/Podfile.lock",
				"${PODS_ROOT}/Manifest.lock",
			);
			name = "[CP] Check Pods Manifest.lock";
			outputPaths = (
				"$(DERIVED_FILE_DIR)/Pods-CoinApp-checkManifestLockResult.txt",
			);
			runOnlyForDeploymentPostprocessing = 0;
			shellPath = /bin/sh;
			shellScript = "diff \"${PODS_PODFILE_DIR_PATH}/Podfile.lock\" \"${PODS_ROOT}/Manifest.lock\" > /dev/null\nif [ $? != 0 ] ; then\n    # print error to STDERR\n    echo \"error: The sandbox is not in sync with the Podfile.lock. Run 'pod install' or update your CocoaPods installation.\" >&2\n    exit 1\nfi\n# This output is used by Xcode 'outputs' to avoid re-running this script phase.\necho \"SUCCESS\" > \"${SCRIPT_OUTPUT_FILE_0}\"\n";
			showEnvVarsInLog = 0;
		};
		B6911DCF008FD0032D7D6D7C /* [CP] Embed Pods Frameworks */ = {
			isa = PBXShellScriptBuildPhase;
			buildActionMask = 2147483647;
			files = (
			);
			inputPaths = (
				"${SRCROOT}/Pods/Target Support Files/Pods-CoinApp/Pods-CoinApp-frameworks.sh",
				"${BUILT_PRODUCTS_DIR}/Alamofire/Alamofire.framework",
				"${BUILT_PRODUCTS_DIR}/SDWebImage/SDWebImage.framework",
			);
			name = "[CP] Embed Pods Frameworks";
			outputPaths = (
				"${TARGET_BUILD_DIR}/${FRAMEWORKS_FOLDER_PATH}/Alamofire.framework",
				"${TARGET_BUILD_DIR}/${FRAMEWORKS_FOLDER_PATH}/SDWebImage.framework",
			);
			runOnlyForDeploymentPostprocessing = 0;
			shellPath = /bin/sh;
			shellScript = "\"${SRCROOT}/Pods/Target Support Files/Pods-CoinApp/Pods-CoinApp-frameworks.sh\"\n";
			showEnvVarsInLog = 0;
		};
/* End PBXShellScriptBuildPhase section */

/* Begin PBXSourcesBuildPhase section */
		7D12440B22CCD85000B1D160 /* Sources */ = {
			isa = PBXSourcesBuildPhase;
			buildActionMask = 2147483647;
			files = (
				7DB3F73822D1053B00D1F2CA /* UIView Extention.swift in Sources */,
				7D12442722CCFA5B00B1D160 /* CoinDetailViewController.swift in Sources */,
				7D12442522CCEE2E00B1D160 /* CoinTableViewCell.swift in Sources */,
				7D12441522CCD85000B1D160 /* ViewController.swift in Sources */,
				7D12441322CCD85000B1D160 /* AppDelegate.swift in Sources */,
				7DB3F73A22D1073C00D1F2CA /* Constants.swift in Sources */,
			);
			runOnlyForDeploymentPostprocessing = 0;
		};
/* End PBXSourcesBuildPhase section */

/* Begin PBXVariantGroup section */
		7D12441622CCD85000B1D160 /* Main.storyboard */ = {
			isa = PBXVariantGroup;
			children = (
				7D12441722CCD85000B1D160 /* Base */,
			);
			name = Main.storyboard;
			sourceTree = "<group>";
		};
		7D12441B22CCD85100B1D160 /* LaunchScreen.storyboard */ = {
			isa = PBXVariantGroup;
			children = (
				7D12441C22CCD85100B1D160 /* Base */,
			);
			name = LaunchScreen.storyboard;
			sourceTree = "<group>";
		};
/* End PBXVariantGroup section */

/* Begin XCBuildConfiguration section */
		7D12441F22CCD85100B1D160 /* Debug */ = {
			isa = XCBuildConfiguration;
			buildSettings = {
				ALWAYS_SEARCH_USER_PATHS = NO;
				CLANG_ANALYZER_NONNULL = YES;
				CLANG_ANALYZER_NUMBER_OBJECT_CONVERSION = YES_AGGRESSIVE;
				CLANG_CXX_LANGUAGE_STANDARD = "gnu++14";
				CLANG_CXX_LIBRARY = "libc++";
				CLANG_ENABLE_MODULES = YES;
				CLANG_ENABLE_OBJC_ARC = YES;
				CLANG_ENABLE_OBJC_WEAK = YES;
				CLANG_WARN_BLOCK_CAPTURE_AUTORELEASING = YES;
				CLANG_WARN_BOOL_CONVERSION = YES;
				CLANG_WARN_COMMA = YES;
				CLANG_WARN_CONSTANT_CONVERSION = YES;
				CLANG_WARN_DEPRECATED_OBJC_IMPLEMENTATIONS = YES;
				CLANG_WARN_DIRECT_OBJC_ISA_USAGE = YES_ERROR;
				CLANG_WARN_DOCUMENTATION_COMMENTS = YES;
				CLANG_WARN_EMPTY_BODY = YES;
				CLANG_WARN_ENUM_CONVERSION = YES;
				CLANG_WARN_INFINITE_RECURSION = YES;
				CLANG_WARN_INT_CONVERSION = YES;
				CLANG_WARN_NON_LITERAL_NULL_CONVERSION = YES;
				CLANG_WARN_OBJC_IMPLICIT_RETAIN_SELF = YES;
				CLANG_WARN_OBJC_LITERAL_CONVERSION = YES;
				CLANG_WARN_OBJC_ROOT_CLASS = YES_ERROR;
				CLANG_WARN_RANGE_LOOP_ANALYSIS = YES;
				CLANG_WARN_STRICT_PROTOTYPES = YES;
				CLANG_WARN_SUSPICIOUS_MOVE = YES;
				CLANG_WARN_UNGUARDED_AVAILABILITY = YES_AGGRESSIVE;
				CLANG_WARN_UNREACHABLE_CODE = YES;
				CLANG_WARN__DUPLICATE_METHOD_MATCH = YES;
				CODE_SIGN_IDENTITY = "iPhone Developer";
				COPY_PHASE_STRIP = NO;
				DEBUG_INFORMATION_FORMAT = dwarf;
				ENABLE_STRICT_OBJC_MSGSEND = YES;
				ENABLE_TESTABILITY = YES;
				GCC_C_LANGUAGE_STANDARD = gnu11;
				GCC_DYNAMIC_NO_PIC = NO;
				GCC_NO_COMMON_BLOCKS = YES;
				GCC_OPTIMIZATION_LEVEL = 0;
				GCC_PREPROCESSOR_DEFINITIONS = (
					"DEBUG=1",
					"$(inherited)",
				);
				GCC_WARN_64_TO_32_BIT_CONVERSION = YES;
				GCC_WARN_ABOUT_RETURN_TYPE = YES_ERROR;
				GCC_WARN_UNDECLARED_SELECTOR = YES;
				GCC_WARN_UNINITIALIZED_AUTOS = YES_AGGRESSIVE;
				GCC_WARN_UNUSED_FUNCTION = YES;
				GCC_WARN_UNUSED_VARIABLE = YES;
				IPHONEOS_DEPLOYMENT_TARGET = 12.2;
				MTL_ENABLE_DEBUG_INFO = INCLUDE_SOURCE;
				MTL_FAST_MATH = YES;
				ONLY_ACTIVE_ARCH = YES;
				SDKROOT = iphoneos;
				SWIFT_ACTIVE_COMPILATION_CONDITIONS = DEBUG;
				SWIFT_OPTIMIZATION_LEVEL = "-Onone";
			};
			name = Debug;
		};
		7D12442022CCD85100B1D160 /* Release */ = {
			isa = XCBuildConfiguration;
			buildSettings = {
				ALWAYS_SEARCH_USER_PATHS = NO;
				CLANG_ANALYZER_NONNULL = YES;
				CLANG_ANALYZER_NUMBER_OBJECT_CONVERSION = YES_AGGRESSIVE;
				CLANG_CXX_LANGUAGE_STANDARD = "gnu++14";
				CLANG_CXX_LIBRARY = "libc++";
				CLANG_ENABLE_MODULES = YES;
				CLANG_ENABLE_OBJC_ARC = YES;
				CLANG_ENABLE_OBJC_WEAK = YES;
				CLANG_WARN_BLOCK_CAPTURE_AUTORELEASING = YES;
				CLANG_WARN_BOOL_CONVERSION = YES;
				CLANG_WARN_COMMA = YES;
				CLANG_WARN_CONSTANT_CONVERSION = YES;
				CLANG_WARN_DEPRECATED_OBJC_IMPLEMENTATIONS = YES;
				CLANG_WARN_DIRECT_OBJC_ISA_USAGE = YES_ERROR;
				CLANG_WARN_DOCUMENTATION_COMMENTS = YES;
				CLANG_WARN_EMPTY_BODY = YES;
				CLANG_WARN_ENUM_CONVERSION = YES;
				CLANG_WARN_INFINITE_RECURSION = YES;
				CLANG_WARN_INT_CONVERSION = YES;
				CLANG_WARN_NON_LITERAL_NULL_CONVERSION = YES;
				CLANG_WARN_OBJC_IMPLICIT_RETAIN_SELF = YES;
				CLANG_WARN_OBJC_LITERAL_CONVERSION = YES;
				CLANG_WARN_OBJC_ROOT_CLASS = YES_ERROR;
				CLANG_WARN_RANGE_LOOP_ANALYSIS = YES;
				CLANG_WARN_STRICT_PROTOTYPES = YES;
				CLANG_WARN_SUSPICIOUS_MOVE = YES;
				CLANG_WARN_UNGUARDED_AVAILABILITY = YES_AGGRESSIVE;
				CLANG_WARN_UNREACHABLE_CODE = YES;
				CLANG_WARN__DUPLICATE_METHOD_MATCH = YES;
				CODE_SIGN_IDENTITY = "iPhone Developer";
				COPY_PHASE_STRIP = NO;
				DEBUG_INFORMATION_FORMAT = "dwarf-with-dsym";
				ENABLE_NS_ASSERTIONS = NO;
				ENABLE_STRICT_OBJC_MSGSEND = YES;
				GCC_C_LANGUAGE_STANDARD = gnu11;
				GCC_NO_COMMON_BLOCKS = YES;
				GCC_WARN_64_TO_32_BIT_CONVERSION = YES;
				GCC_WARN_ABOUT_RETURN_TYPE = YES_ERROR;
				GCC_WARN_UNDECLARED_SELECTOR = YES;
				GCC_WARN_UNINITIALIZED_AUTOS = YES_AGGRESSIVE;
				GCC_WARN_UNUSED_FUNCTION = YES;
				GCC_WARN_UNUSED_VARIABLE = YES;
				IPHONEOS_DEPLOYMENT_TARGET = 12.2;
				MTL_ENABLE_DEBUG_INFO = NO;
				MTL_FAST_MATH = YES;
				SDKROOT = iphoneos;
				SWIFT_COMPILATION_MODE = wholemodule;
				SWIFT_OPTIMIZATION_LEVEL = "-O";
				VALIDATE_PRODUCT = YES;
			};
			name = Release;
		};
		7D12442222CCD85100B1D160 /* Debug */ = {
			isa = XCBuildConfiguration;
			baseConfigurationReference = 5E03332F582A7D890B0273E6 /* Pods-CoinApp.debug.xcconfig */;
			buildSettings = {
				ASSETCATALOG_COMPILER_APPICON_NAME = AppIcon;
				CODE_SIGN_STYLE = Automatic;
				DEBUG_INFORMATION_FORMAT = "dwarf-with-dsym";
				INFOPLIST_FILE = CoinApp/Info.plist;
				IPHONEOS_DEPLOYMENT_TARGET = 10.0;
				LD_RUNPATH_SEARCH_PATHS = (
					"$(inherited)",
					"@executable_path/Frameworks",
				);
				PRODUCT_BUNDLE_IDENTIFIER = com.dixicoin.CoinApp;
				PRODUCT_NAME = "$(TARGET_NAME)";
				SWIFT_VERSION = 5.0;
				TARGETED_DEVICE_FAMILY = "1,2";
			};
			name = Debug;
		};
		7D12442322CCD85100B1D160 /* Release */ = {
			isa = XCBuildConfiguration;
			baseConfigurationReference = 304BE569C853AD2C5D35CF62 /* Pods-CoinApp.release.xcconfig */;
			buildSettings = {
				ASSETCATALOG_COMPILER_APPICON_NAME = AppIcon;
				CODE_SIGN_STYLE = Automatic;
				INFOPLIST_FILE = CoinApp/Info.plist;
				IPHONEOS_DEPLOYMENT_TARGET = 10.0;
				LD_RUNPATH_SEARCH_PATHS = (
					"$(inherited)",
					"@executable_path/Frameworks",
				);
				PRODUCT_BUNDLE_IDENTIFIER = com.dixicoin.CoinApp;
				PRODUCT_NAME = "$(TARGET_NAME)";
				SWIFT_VERSION = 5.0;
				TARGETED_DEVICE_FAMILY = "1,2";
			};
			name = Release;
		};
/* End XCBuildConfiguration section */

/* Begin XCConfigurationList section */
		7D12440A22CCD85000B1D160 /* Build configuration list for PBXProject "CoinApp" */ = {
			isa = XCConfigurationList;
			buildConfigurations = (
				7D12441F22CCD85100B1D160 /* Debug */,
				7D12442022CCD85100B1D160 /* Release */,
			);
			defaultConfigurationIsVisible = 0;
			defaultConfigurationName = Release;
		};
		7D12442122CCD85100B1D160 /* Build configuration list for PBXNativeTarget "CoinApp" */ = {
			isa = XCConfigurationList;
			buildConfigurations = (
				7D12442222CCD85100B1D160 /* Debug */,
				7D12442322CCD85100B1D160 /* Release */,
			);
			defaultConfigurationIsVisible = 0;
			defaultConfigurationName = Release;
		};
/* End XCConfigurationList section */
	};
	rootObject = 7D12440722CCD85000B1D160 /* Project object */;
}
